
Microsoft Visual Studio Solution File, Format Version 12.00
# Visual Studio 15
VisualStudioVersion = 15.0.28010.2046
MinimumVisualStudioVersion = 10.0.40219.1
Project("{9A19103F-16F7-4668-BE54-9A1E7A4F7556}") = "Attributes", "Attributes\Attributes.csproj", "{E782794A-ECF9-4AB9-A7CC-E5E13B915726}"
EndProject
Project("{FAE04EC0-301F-11D3-BF4B-00C04F79EFBC}") = "CommandAndQuery", "CommandAndQuery\CommandAndQuery.csproj", "{33DA47DC-5DF8-422D-B5D9-020BF7984A57}"
EndProject
Global
	GlobalSection(SolutionConfigurationPlatforms) = preSolution
		Debug|Any CPU = Debug|Any CPU
		Release|Any CPU = Release|Any CPU
	EndGlobalSection
	GlobalSection(ProjectConfigurationPlatforms) = postSolution
		{E782794A-ECF9-4AB9-A7CC-E5E13B915726}.Debug|Any CPU.ActiveCfg = Debug|Any CPU
		{E782794A-ECF9-4AB9-A7CC-E5E13B915726}.Debug|Any CPU.Build.0 = Debug|Any CPU
		{E782794A-ECF9-4AB9-A7CC-E5E13B915726}.Release|Any CPU.ActiveCfg = Release|Any CPU
		{E782794A-ECF9-4AB9-A7CC-E5E13B915726}.Release|Any CPU.Build.0 = Release|Any CPU
		{33DA47DC-5DF8-422D-B5D9-020BF7984A57}.Debug|Any CPU.ActiveCfg = Debug|Any CPU
		{33DA47DC-5DF8-422D-B5D9-020BF7984A57}.Debug|Any CPU.Build.0 = Debug|Any CPU
		{33DA47DC-5DF8-422D-B5D9-020BF7984A57}.Release|Any CPU.ActiveCfg = Release|Any CPU
		{33DA47DC-5DF8-422D-B5D9-020BF7984A57}.Release|Any CPU.Build.0 = Release|Any CPU
	EndGlobalSection
	GlobalSection(SolutionProperties) = preSolution
		HideSolutionNode = FALSE
	EndGlobalSection
	GlobalSection(ExtensibilityGlobals) = postSolution
		SolutionGuid = {31B0DFF5-3B15-44CD-A6A5-49828A156AA5}
	EndGlobalSection
EndGlobal
